%{
  "bcrypt_elixir": {:hex, :bcrypt_elixir, "3.2.1", "e361261a0401d82dadc1ab7b969f91d250bf7577283e933fe8c5b72f8f5b3c46", [:make, :mix], [{:comeonin, "~> 5.3", [hex: :comeonin, repo: "hexpm", optional: false]}, {:elixir_make, "~> 0.6", [hex: :elixir_make, repo: "hexpm", optional: false]}], "hexpm", "81170177d5c2e280d12141a0b9d9e299bf731535e2d959982bdcd4cfe3c82865"},
  "castore": {:hex, :castore, "1.0.11", "4bbd584741601eb658007339ea730b082cc61f3554cf2e8f39bf693a11b49073", [:mix], [], "hexpm", "e03990b4db988df56262852f20de0f659871c35154691427a5047f4967a16a62"},
  "certifi": {:hex, :certifi, "2.14.0", "ed3bef654e69cde5e6c022df8070a579a79e8ba2368a00acf3d75b82d9aceeed", [:rebar3], [], "hexpm", "ea59d87ef89da429b8e905264fdec3419f84f2215bb3d81e07a18aac919026c3"},
  "comeonin": {:hex, :comeonin, "5.5.1", "5113e5f3800799787de08a6e0db307133850e635d34e9fab23c70b6501669510", [:mix], [], "hexpm", "65aac8f19938145377cee73973f192c5645873dcf550a8a6b18187d17c13ccdb"},
  "cowboy": {:hex, :cowboy, "2.13.0", "09d770dd5f6a22cc60c071f432cd7cb87776164527f205c5a6b0f24ff6b38990", [:make, :rebar3], [{:cowlib, ">= 2.14.0 and < 3.0.0", [hex: :cowlib, repo: "hexpm", optional: false]}, {:ranch, ">= 1.8.0 and < 3.0.0", [hex: :ranch, repo: "hexpm", optional: false]}], "hexpm", "e724d3a70995025d654c1992c7b11dbfea95205c047d86ff9bf1cda92ddc5614"},
  "cowboy_telemetry": {:hex, :cowboy_telemetry, "0.4.0", "f239f68b588efa7707abce16a84d0d2acf3a0f50571f8bb7f56a15865aae820c", [:rebar3], [{:cowboy, "~> 2.7", [hex: :cowboy, repo: "hexpm", optional: false]}, {:telemetry, "~> 1.0", [hex: :telemetry, repo: "hexpm", optional: false]}], "hexpm", "7d98bac1ee4565d31b62d59f8823dfd8356a169e7fcbb83831b8a5397404c9de"},
  "cowlib": {:hex, :cowlib, "2.14.0", "623791c56c1cc9df54a71a9c55147a401549917f00a2e48a6ae12b812c586ced", [:make, :rebar3], [], "hexpm", "0af652d1550c8411c3b58eed7a035a7fb088c0b86aff6bc504b0bc3b7f791aa2"},
  "db_connection": {:hex, :db_connection, "2.7.0", "b99faa9291bb09892c7da373bb82cba59aefa9b36300f6145c5f201c7adf48ec", [:mix], [{:telemetry, "~> 0.4 or ~> 1.0", [hex: :telemetry, repo: "hexpm", optional: false]}], "hexpm", "dcf08f31b2701f857dfc787fbad78223d61a32204f217f15e881dd93e4bdd3ff"},
  "decimal": {:hex, :decimal, "2.3.0", "3ad6255aa77b4a3c4f818171b12d237500e63525c2fd056699967a3e7ea20f62", [:mix], [], "hexpm", "a4d66355cb29cb47c3cf30e71329e58361cfcb37c34235ef3bf1d7bf3773aeac"},
  "ecto": {:hex, :ecto, "3.12.5", "4a312960ce612e17337e7cefcf9be45b95a3be6b36b6f94dfb3d8c361d631866", [:mix], [{:decimal, "~> 2.0", [hex: :decimal, repo: "hexpm", optional: false]}, {:jason, "~> 1.0", [hex: :jason, repo: "hexpm", optional: true]}, {:telemetry, "~> 0.4 or ~> 1.0", [hex: :telemetry, repo: "hexpm", optional: false]}], "hexpm", "6eb18e80bef8bb57e17f5a7f068a1719fbda384d40fc37acb8eb8aeca493b6ea"},
  "ecto_sql": {:hex, :ecto_sql, "3.12.1", "c0d0d60e85d9ff4631f12bafa454bc392ce8b9ec83531a412c12a0d415a3a4d0", [:mix], [{:db_connection, "~> 2.4.1 or ~> 2.5", [hex: :db_connection, repo: "hexpm", optional: false]}, {:ecto, "~> 3.12", [hex: :ecto, repo: "hexpm", optional: false]}, {:myxql, "~> 0.7", [hex: :myxql, repo: "hexpm", optional: true]}, {:postgrex, "~> 0.19 or ~> 1.0", [hex: :postgrex, repo: "hexpm", optional: true]}, {:tds, "~> 2.1.1 or ~> 2.2", [hex: :tds, repo: "hexpm", optional: true]}, {:telemetry, "~> 0.4.0 or ~> 1.0", [hex: :telemetry, repo: "hexpm", optional: false]}], "hexpm", "aff5b958a899762c5f09028c847569f7dfb9cc9d63bdb8133bff8a5546de6bf5"},
  "elixir_make": {:hex, :elixir_make, "0.9.0", "6484b3cd8c0cee58f09f05ecaf1a140a8c97670671a6a0e7ab4dc326c3109726", [:mix], [], "hexpm", "db23d4fd8b757462ad02f8aa73431a426fe6671c80b200d9710caf3d1dd0ffdb"},
  "esbuild": {:hex, :esbuild, "0.8.2", "5f379dfa383ef482b738e7771daf238b2d1cfb0222bef9d3b20d4c8f06c7a7ac", [:mix], [{:castore, ">= 0.0.0", [hex: :castore, repo: "hexpm", optional: false]}, {:jason, "~> 1.4", [hex: :jason, repo: "hexpm", optional: false]}], "hexpm", "558a8a08ed78eb820efbfda1de196569d8bfa9b51e8371a1934fbb31345feda7"},
  "excoveralls": {:hex, :excoveralls, "0.18.5", "e229d0a65982613332ec30f07940038fe451a2e5b29bce2a5022165f0c9b157e", [:mix], [{:castore, "~> 1.0", [hex: :castore, repo: "hexpm", optional: true]}, {:jason, "~> 1.0", [hex: :jason, repo: "hexpm", optional: false]}], "hexpm", "523fe8a15603f86d64852aab2abe8ddbd78e68579c8525ae765facc5eae01562"},
  "expo": {:hex, :expo, "1.1.0", "f7b9ed7fb5745ebe1eeedf3d6f29226c5dd52897ac67c0f8af62a07e661e5c75", [:mix], [], "hexpm", "fbadf93f4700fb44c331362177bdca9eeb8097e8b0ef525c9cc501cb9917c960"},
  "extitles": {:hex, :extitles, "0.1.0", "bc3566f7feae87d0b8a2dddb872968884e924e1b1fbc83386f041162e6f8782a", [:mix], [], "hexpm", "2c5c1376ffc0625cd3fa8f961e857465acecc390b4239ddcc718dacde5c5accc"},
  "file_system": {:hex, :file_system, "1.0.0", "b689cc7dcee665f774de94b5a832e578bd7963c8e637ef940cd44327db7de2cd", [:mix], [], "hexpm", "6752092d66aec5a10e662aefeed8ddb9531d79db0bc145bb8c40325ca1d8536d"},
  "floki": {:hex, :floki, "0.37.0", "b83e0280bbc6372f2a403b2848013650b16640cd2470aea6701f0632223d719e", [:mix], [], "hexpm", "516a0c15a69f78c47dc8e0b9b3724b29608aa6619379f91b1ffa47109b5d0dd3"},
  "flop": {:hex, :flop, "0.26.1", "f0e9c6895cf876f667e9ff1c0398e53df87087fcd82d9cea8989332b9c0e1358", [:mix], [{:ecto, "~> 3.11", [hex: :ecto, repo: "hexpm", optional: false]}, {:nimble_options, "~> 1.0", [hex: :nimble_options, repo: "hexpm", optional: false]}], "hexpm", "5fcab8a1ee78111159fc4752dc9823862343b6d6bd527ff947ec1e1c27018485"},
  "gettext": {:hex, :gettext, "0.26.2", "5978aa7b21fada6deabf1f6341ddba50bc69c999e812211903b169799208f2a8", [:mix], [{:expo, "~> 0.5.1 or ~> 1.0", [hex: :expo, repo: "hexpm", optional: false]}], "hexpm", "aa978504bcf76511efdc22d580ba08e2279caab1066b76bb9aa81c4a1e0a32a5"},
  "hackney": {:hex, :hackney, "1.23.0", "55cc09077112bcb4a69e54be46ed9bc55537763a96cd4a80a221663a7eafd767", [:rebar3], [{:certifi, "~> 2.14.0", [hex: :certifi, repo: "hexpm", optional: false]}, {:idna, "~> 6.1.0", [hex: :idna, repo: "hexpm", optional: false]}, {:metrics, "~> 1.0.0", [hex: :metrics, repo: "hexpm", optional: false]}, {:mimerl, "~> 1.1", [hex: :mimerl, repo: "hexpm", optional: false]}, {:parse_trans, "3.4.1", [hex: :parse_trans, repo: "hexpm", optional: false]}, {:ssl_verify_fun, "~> 1.1.0", [hex: :ssl_verify_fun, repo: "hexpm", optional: false]}, {:unicode_util_compat, "~> 0.7.0", [hex: :unicode_util_compat, repo: "hexpm", optional: false]}], "hexpm", "6cd1c04cd15c81e5a493f167b226a15f0938a84fc8f0736ebe4ddcab65c0b44e"},
  "httpoison": {:hex, :httpoison, "2.2.2", "15420e9e5bbb505b931b2f589dc8be0c3b21e2a91a2c6ba882d99bf8f3ad499d", [:mix], [{:hackney, "~> 1.21", [hex: :hackney, repo: "hexpm", optional: false]}], "hexpm", "de7ac49fe2ffd89219972fdf39b268582f6f7f68d8cd29b4482dacca1ce82324"},
  "idna": {:hex, :idna, "6.1.1", "8a63070e9f7d0c62eb9d9fcb360a7de382448200fbbd1b106cc96d3d8099df8d", [:rebar3], [{:unicode_util_compat, "~>0.7.0", [hex: :unicode_util_compat, repo: "hexpm", optional: false]}], "hexpm", "92376eb7894412ed19ac475e4a86f7b413c1b9fbb5bd16dccd57934157944cea"},
  "jason": {:hex, :jason, "1.4.4", "b9226785a9aa77b6857ca22832cffa5d5011a667207eb2a0ad56adb5db443b8a", [:mix], [{:decimal, "~> 1.0 or ~> 2.0", [hex: :decimal, repo: "hexpm", optional: true]}], "hexpm", "c5eb0cab91f094599f94d55bc63409236a8ec69a21a67814529e8d5f6cc90b3b"},
  "metrics": {:hex, :metrics, "1.0.1", "25f094dea2cda98213cecc3aeff09e940299d950904393b2a29d191c346a8486", [:rebar3], [], "hexpm", "69b09adddc4f74a40716ae54d140f93beb0fb8978d8636eaded0c31b6f099f16"},
  "mime": {:hex, :mime, "2.0.6", "8f18486773d9b15f95f4f4f1e39b710045fa1de891fada4516559967276e4dc2", [:mix], [], "hexpm", "c9945363a6b26d747389aac3643f8e0e09d30499a138ad64fe8fd1d13d9b153e"},
  "mimerl": {:hex, :mimerl, "1.3.0", "d0cd9fc04b9061f82490f6581e0128379830e78535e017f7780f37fea7545726", [:rebar3], [], "hexpm", "a1e15a50d1887217de95f0b9b0793e32853f7c258a5cd227650889b38839fe9d"},
  "nimble_options": {:hex, :nimble_options, "1.1.1", "e3a492d54d85fc3fd7c5baf411d9d2852922f66e69476317787a7b2bb000a61b", [:mix], [], "hexpm", "821b2470ca9442c4b6984882fe9bb0389371b8ddec4d45a9504f00a66f650b44"},
  "oapi_tmdb": {:hex, :oapi_tmdb, "0.3.0", "b803847378011dcce5865ec618f60a2889d5c73f56fbfd0b4ebdb5bbdce8168d", [:mix], [{:httpoison, "~> 2.0", [hex: :httpoison, repo: "hexpm", optional: false]}, {:jason, "~> 1.4", [hex: :jason, repo: "hexpm", optional: false]}], "hexpm", "88c71c45631c5071f53e6552db01c1c06da3b1a7ef646101e2ca6d1b7f0d5661"},
  "oauth2": {:hex, :oauth2, "2.1.0", "beb657f393814a3a7a8a15bd5e5776ecae341fd344df425342a3b6f1904c2989", [:mix], [{:tesla, "~> 1.5", [hex: :tesla, repo: "hexpm", optional: false]}], "hexpm", "8ac07f85b3307dd1acfeb0ec852f64161b22f57d0ce0c15e616a1dfc8ebe2b41"},
  "oban": {:hex, :oban, "2.19.2", "11e635c49b4f422814eb96a4d78974c9e67d62a20a969e5fd50db040d32c08ba", [:mix], [{:ecto_sql, "~> 3.10", [hex: :ecto_sql, repo: "hexpm", optional: false]}, {:ecto_sqlite3, "~> 0.9", [hex: :ecto_sqlite3, repo: "hexpm", optional: true]}, {:igniter, "~> 0.5", [hex: :igniter, repo: "hexpm", optional: true]}, {:jason, "~> 1.1", [hex: :jason, repo: "hexpm", optional: true]}, {:myxql, "~> 0.7", [hex: :myxql, repo: "hexpm", optional: true]}, {:postgrex, "~> 0.16", [hex: :postgrex, repo: "hexpm", optional: true]}, {:telemetry, "~> 0.4 or ~> 1.0", [hex: :telemetry, repo: "hexpm", optional: false]}], "hexpm", "de8314b00b31d17f98fd2c76781f80c1cfc8621122b41830c0834486c44e1087"},
  "parse_trans": {:hex, :parse_trans, "3.4.1", "6e6aa8167cb44cc8f39441d05193be6e6f4e7c2946cb2759f015f8c56b76e5ff", [:rebar3], [], "hexpm", "620a406ce75dada827b82e453c19cf06776be266f5a67cff34e1ef2cbb60e49a"},
  "phoenix": {:hex, :phoenix, "1.7.18", "5310c21443514be44ed93c422e15870aef254cf1b3619e4f91538e7529d2b2e4", [:mix], [{:castore, ">= 0.0.0", [hex: :castore, repo: "hexpm", optional: false]}, {:jason, "~> 1.0", [hex: :jason, repo: "hexpm", optional: true]}, {:phoenix_pubsub, "~> 2.1", [hex: :phoenix_pubsub, repo: "hexpm", optional: false]}, {:phoenix_template, "~> 1.0", [hex: :phoenix_template, repo: "hexpm", optional: false]}, {:phoenix_view, "~> 2.0", [hex: :phoenix_view, repo: "hexpm", optional: true]}, {:plug, "~> 1.14", [hex: :plug, repo: "hexpm", optional: false]}, {:plug_cowboy, "~> 2.7", [hex: :plug_cowboy, repo: "hexpm", optional: true]}, {:plug_crypto, "~> 1.2 or ~> 2.0", [hex: :plug_crypto, repo: "hexpm", optional: false]}, {:telemetry, "~> 0.4 or ~> 1.0", [hex: :telemetry, repo: "hexpm", optional: false]}, {:websock_adapter, "~> 0.5.3", [hex: :websock_adapter, repo: "hexpm", optional: false]}], "hexpm", "1797fcc82108442a66f2c77a643a62980f342bfeb63d6c9a515ab8294870004e"},
  "phoenix_ecto": {:hex, :phoenix_ecto, "4.6.3", "f686701b0499a07f2e3b122d84d52ff8a31f5def386e03706c916f6feddf69ef", [:mix], [{:ecto, "~> 3.5", [hex: :ecto, repo: "hexpm", optional: false]}, {:phoenix_html, "~> 2.14.2 or ~> 3.0 or ~> 4.1", [hex: :phoenix_html, repo: "hexpm", optional: true]}, {:plug, "~> 1.9", [hex: :plug, repo: "hexpm", optional: false]}, {:postgrex, "~> 0.16 or ~> 1.0", [hex: :postgrex, repo: "hexpm", optional: true]}], "hexpm", "909502956916a657a197f94cc1206d9a65247538de8a5e186f7537c895d95764"},
  "phoenix_html": {:hex, :phoenix_html, "3.3.4", "42a09fc443bbc1da37e372a5c8e6755d046f22b9b11343bf885067357da21cb3", [:mix], [{:plug, "~> 1.5", [hex: :plug, repo: "hexpm", optional: true]}], "hexpm", "0249d3abec3714aff3415e7ee3d9786cb325be3151e6c4b3021502c585bf53fb"},
  "phoenix_live_dashboard": {:hex, :phoenix_live_dashboard, "0.7.2", "97cc4ff2dba1ebe504db72cb45098cb8e91f11160528b980bd282cc45c73b29c", [:mix], [{:ecto, "~> 3.6.2 or ~> 3.7", [hex: :ecto, repo: "hexpm", optional: true]}, {:ecto_mysql_extras, "~> 0.5", [hex: :ecto_mysql_extras, repo: "hexpm", optional: true]}, {:ecto_psql_extras, "~> 0.7", [hex: :ecto_psql_extras, repo: "hexpm", optional: true]}, {:mime, "~> 1.6 or ~> 2.0", [hex: :mime, repo: "hexpm", optional: false]}, {:phoenix_live_view, "~> 0.18.3", [hex: :phoenix_live_view, repo: "hexpm", optional: false]}, {:telemetry_metrics, "~> 0.6 or ~> 1.0", [hex: :telemetry_metrics, repo: "hexpm", optional: false]}], "hexpm", "0e5fdf063c7a3b620c566a30fcf68b7ee02e5e46fe48ee46a6ec3ba382dc05b7"},
  "phoenix_live_reload": {:hex, :phoenix_live_reload, "1.5.3", "f2161c207fda0e4fb55165f650f7f8db23f02b29e3bff00ff7ef161d6ac1f09d", [:mix], [{:file_system, "~> 0.3 or ~> 1.0", [hex: :file_system, repo: "hexpm", optional: false]}, {:phoenix, "~> 1.4", [hex: :phoenix, repo: "hexpm", optional: false]}], "hexpm", "b4ec9cd73cb01ff1bd1cac92e045d13e7030330b74164297d1aee3907b54803c"},
  "phoenix_live_view": {:hex, :phoenix_live_view, "0.18.18", "1f38fbd7c363723f19aad1a04b5490ff3a178e37daaf6999594d5f34796c47fc", [:mix], [{:jason, "~> 1.0", [hex: :jason, repo: "hexpm", optional: true]}, {:phoenix, "~> 1.6.15 or ~> 1.7.0", [hex: :phoenix, repo: "hexpm", optional: false]}, {:phoenix_html, "~> 3.3", [hex: :phoenix_html, repo: "hexpm", optional: false]}, {:phoenix_template, "~> 1.0", [hex: :phoenix_template, repo: "hexpm", optional: false]}, {:phoenix_view, "~> 2.0", [hex: :phoenix_view, repo: "hexpm", optional: true]}, {:telemetry, "~> 0.4.2 or ~> 1.0", [hex: :telemetry, repo: "hexpm", optional: false]}], "hexpm", "a5810d0472f3189ede6d2a95bda7f31c6113156b91784a3426cb0ab6a6d85214"},
  "phoenix_pubsub": {:hex, :phoenix_pubsub, "2.1.3", "3168d78ba41835aecad272d5e8cd51aa87a7ac9eb836eabc42f6e57538e3731d", [:mix], [], "hexpm", "bba06bc1dcfd8cb086759f0edc94a8ba2bc8896d5331a1e2c2902bf8e36ee502"},
  "phoenix_template": {:hex, :phoenix_template, "1.0.4", "e2092c132f3b5e5b2d49c96695342eb36d0ed514c5b252a77048d5969330d639", [:mix], [{:phoenix_html, "~> 2.14.2 or ~> 3.0 or ~> 4.0", [hex: :phoenix_html, repo: "hexpm", optional: true]}], "hexpm", "2c0c81f0e5c6753faf5cca2f229c9709919aba34fab866d3bc05060c9c444206"},
  "phoenix_view": {:hex, :phoenix_view, "2.0.4", "b45c9d9cf15b3a1af5fb555c674b525391b6a1fe975f040fb4d913397b31abf4", [:mix], [{:phoenix_html, "~> 2.14.2 or ~> 3.0 or ~> 4.0", [hex: :phoenix_html, repo: "hexpm", optional: true]}, {:phoenix_template, "~> 1.0", [hex: :phoenix_template, repo: "hexpm", optional: false]}], "hexpm", "4e992022ce14f31fe57335db27a28154afcc94e9983266835bb3040243eb620b"},
  "plug": {:hex, :plug, "1.16.1", "40c74619c12f82736d2214557dedec2e9762029b2438d6d175c5074c933edc9d", [:mix], [{:mime, "~> 1.0 or ~> 2.0", [hex: :mime, repo: "hexpm", optional: false]}, {:plug_crypto, "~> 1.1.1 or ~> 1.2 or ~> 2.0", [hex: :plug_crypto, repo: "hexpm", optional: false]}, {:telemetry, "~> 0.4.3 or ~> 1.0", [hex: :telemetry, repo: "hexpm", optional: false]}], "hexpm", "a13ff6b9006b03d7e33874945b2755253841b238c34071ed85b0e86057f8cddc"},
  "plug_cowboy": {:hex, :plug_cowboy, "2.7.3", "1304d36752e8bdde213cea59ef424ca932910a91a07ef9f3874be709c4ddb94b", [:mix], [{:cowboy, "~> 2.7", [hex: :cowboy, repo: "hexpm", optional: false]}, {:cowboy_telemetry, "~> 0.3", [hex: :cowboy_telemetry, repo: "hexpm", optional: false]}, {:plug, "~> 1.14", [hex: :plug, repo: "hexpm", optional: false]}], "hexpm", "77c95524b2aa5364b247fa17089029e73b951ebc1adeef429361eab0bb55819d"},
  "plug_crypto": {:hex, :plug_crypto, "2.1.0", "f44309c2b06d249c27c8d3f65cfe08158ade08418cf540fd4f72d4d6863abb7b", [:mix], [], "hexpm", "131216a4b030b8f8ce0f26038bc4421ae60e4bb95c5cf5395e1421437824c4fa"},
  "postgrex": {:hex, :postgrex, "0.20.0", "363ed03ab4757f6bc47942eff7720640795eb557e1935951c1626f0d303a3aed", [:mix], [{:db_connection, "~> 2.1", [hex: :db_connection, repo: "hexpm", optional: false]}, {:decimal, "~> 1.5 or ~> 2.0", [hex: :decimal, repo: "hexpm", optional: false]}, {:jason, "~> 1.0", [hex: :jason, repo: "hexpm", optional: true]}, {:table, "~> 0.1.0", [hex: :table, repo: "hexpm", optional: true]}], "hexpm", "d36ef8b36f323d29505314f704e21a1a038e2dc387c6409ee0cd24144e187c0f"},
  "ranch": {:hex, :ranch, "2.2.0", "25528f82bc8d7c6152c57666ca99ec716510fe0925cb188172f41ce93117b1b0", [:make, :rebar3], [], "hexpm", "fa0b99a1780c80218a4197a59ea8d3bdae32fbff7e88527d7d8a4787eff4f8e7"},
  "ssl_verify_fun": {:hex, :ssl_verify_fun, "1.1.7", "354c321cf377240c7b8716899e182ce4890c5938111a1296add3ec74cf1715df", [:make, :mix, :rebar3], [], "hexpm", "fe4c190e8f37401d30167c8c405eda19469f34577987c76dde613e838bbc67f8"},
  "swoosh": {:hex, :swoosh, "1.17.10", "3bfce0e716f92c85579c8b7bb390f1d287f388e4961bfb9343fe191ec4214225", [:mix], [{:bandit, ">= 1.0.0", [hex: :bandit, repo: "hexpm", optional: true]}, {:cowboy, "~> 1.1 or ~> 2.4", [hex: :cowboy, repo: "hexpm", optional: true]}, {:ex_aws, "~> 2.1", [hex: :ex_aws, repo: "hexpm", optional: true]}, {:finch, "~> 0.6", [hex: :finch, repo: "hexpm", optional: true]}, {:gen_smtp, "~> 0.13 or ~> 1.0", [hex: :gen_smtp, repo: "hexpm", optional: true]}, {:hackney, "~> 1.9", [hex: :hackney, repo: "hexpm", optional: true]}, {:jason, "~> 1.0", [hex: :jason, repo: "hexpm", optional: false]}, {:mail, "~> 0.2", [hex: :mail, repo: "hexpm", optional: true]}, {:mime, "~> 1.1 or ~> 2.0", [hex: :mime, repo: "hexpm", optional: false]}, {:mua, "~> 0.2.3", [hex: :mua, repo: "hexpm", optional: true]}, {:multipart, "~> 0.4", [hex: :multipart, repo: "hexpm", optional: true]}, {:plug, "~> 1.9", [hex: :plug, repo: "hexpm", optional: true]}, {:plug_cowboy, ">= 1.0.0", [hex: :plug_cowboy, repo: "hexpm", optional: true]}, {:req, "~> 0.5 or ~> 1.0", [hex: :req, repo: "hexpm", optional: true]}, {:telemetry, "~> 0.4.2 or ~> 1.0", [hex: :telemetry, repo: "hexpm", optional: false]}], "hexpm", "277f86c249089f4fc7d70944987151b76424fac1d348d40685008ba88e0a2717"},
  "tailwind": {:hex, :tailwind, "0.2.4", "5706ec47182d4e7045901302bf3a333e80f3d1af65c442ba9a9eed152fb26c2e", [:mix], [{:castore, ">= 0.0.0", [hex: :castore, repo: "hexpm", optional: false]}], "hexpm", "c6e4a82b8727bab593700c998a4d98cf3d8025678bfde059aed71d0000c3e463"},
  "telemetry": {:hex, :telemetry, "1.3.0", "fedebbae410d715cf8e7062c96a1ef32ec22e764197f70cda73d82778d61e7a2", [:rebar3], [], "hexpm", "7015fc8919dbe63764f4b4b87a95b7c0996bd539e0d499be6ec9d7f3875b79e6"},
  "telemetry_metrics": {:hex, :telemetry_metrics, "1.1.0", "5bd5f3b5637e0abea0426b947e3ce5dd304f8b3bc6617039e2b5a008adc02f8f", [:mix], [{:telemetry, "~> 0.4 or ~> 1.0", [hex: :telemetry, repo: "hexpm", optional: false]}], "hexpm", "e7b79e8ddfde70adb6db8a6623d1778ec66401f366e9a8f5dd0955c56bc8ce67"},
  "telemetry_poller": {:hex, :telemetry_poller, "1.2.0", "ba82e333215aed9dd2096f93bd1d13ae89d249f82760fcada0850ba33bac154b", [:rebar3], [{:telemetry, "~> 1.0", [hex: :telemetry, repo: "hexpm", optional: false]}], "hexpm", "7216e21a6c326eb9aa44328028c34e9fd348fb53667ca837be59d0aa2a0156e8"},
  "tesla": {:hex, :tesla, "1.7.0", "a62dda2f80d4f8a925eb7b8c5b78c461e0eb996672719fe1a63b26321a5f8b4e", [:mix], [{:castore, "~> 0.1 or ~> 1.0", [hex: :castore, repo: "hexpm", optional: true]}, {:exjsx, ">= 3.0.0", [hex: :exjsx, repo: "hexpm", optional: true]}, {:finch, "~> 0.13", [hex: :finch, repo: "hexpm", optional: true]}, {:fuse, "~> 2.4", [hex: :fuse, repo: "hexpm", optional: true]}, {:gun, "~> 1.3", [hex: :gun, repo: "hexpm", optional: true]}, {:hackney, "~> 1.6", [hex: :hackney, repo: "hexpm", optional: true]}, {:ibrowse, "4.4.0", [hex: :ibrowse, repo: "hexpm", optional: true]}, {:jason, ">= 1.0.0", [hex: :jason, repo: "hexpm", optional: true]}, {:mime, "~> 1.0 or ~> 2.0", [hex: :mime, repo: "hexpm", optional: false]}, {:mint, "~> 1.0", [hex: :mint, repo: "hexpm", optional: true]}, {:msgpax, "~> 2.3", [hex: :msgpax, repo: "hexpm", optional: true]}, {:poison, ">= 1.0.0", [hex: :poison, repo: "hexpm", optional: true]}, {:telemetry, "~> 0.4 or ~> 1.0", [hex: :telemetry, repo: "hexpm", optional: true]}], "hexpm", "2e64f01ebfdb026209b47bc651a0e65203fcff4ae79c11efb73c4852b00dc313"},
  "unicode_util_compat": {:hex, :unicode_util_compat, "0.7.0", "bc84380c9ab48177092f43ac89e4dfa2c6d62b40b8bd132b1059ecc7232f9a78", [:rebar3], [], "hexpm", "25eee6d67df61960cf6a794239566599b09e17e668d3700247bc498638152521"},
  "websock": {:hex, :websock, "0.5.3", "2f69a6ebe810328555b6fe5c831a851f485e303a7c8ce6c5f675abeb20ebdadc", [:mix], [], "hexpm", "6105453d7fac22c712ad66fab1d45abdf049868f253cf719b625151460b8b453"},
  "websock_adapter": {:hex, :websock_adapter, "0.5.8", "3b97dc94e407e2d1fc666b2fb9acf6be81a1798a2602294aac000260a7c4a47d", [:mix], [{:bandit, ">= 0.6.0", [hex: :bandit, repo: "hexpm", optional: true]}, {:plug, "~> 1.14", [hex: :plug, repo: "hexpm", optional: false]}, {:plug_cowboy, "~> 2.6", [hex: :plug_cowboy, repo: "hexpm", optional: true]}, {:websock, "~> 0.5", [hex: :websock, repo: "hexpm", optional: false]}], "hexpm", "315b9a1865552212b5f35140ad194e67ce31af45bcee443d4ecb96b5fd3f3782"},
}
