{
  "name": "assets",
  "lockfileVersion": 2,
  "requires": true,
  "packages": {
    "": {
      "dependencies": {
        "@jsier/retrier": "^1.2.4",
        "axios": "^0.24.0",
        "hls.js": "^1.1.1"
      }
    },
    "node_modules/@jsier/retrier": {
      "version": "1.2.4",
      "resolved": "https://registry.npmjs.org/@jsier/retrier/-/retrier-1.2.4.tgz",
      "integrity": "sha512-gDrUdzQ4O0XJGp0PJO2EH0YN84glgLIU6xrvsOsgV4xjShgz9Eq0b1ts54un13AYYryJutQTd3JKweglS4OjGg=="
    },
    "node_modules/axios": {
      "version": "0.24.0",
      "resolved": "https://registry.npmjs.org/axios/-/axios-0.24.0.tgz",
      "integrity": "sha512-Q6cWsys88HoPgAaFAVUb0WpPk0O8iTeisR9IMqy9G8AbO4NlpVknrnQS03zzF9PGAWgO3cgletO3VjV/P7VztA==",
      "dependencies": {
        "follow-redirects": "^1.14.4"
      }
    },
    "node_modules/follow-redirects": {
      "version": "1.14.5",
      "resolved": "https://registry.npmjs.org/follow-redirects/-/follow-redirects-1.14.5.tgz",
      "integrity": "sha512-wtphSXy7d4/OR+MvIFbCVBDzZ5520qV8XfPklSN5QtxuMUJZ+b0Wnst1e1lCDocfzuCkHqj8k0FpZqO+UIaKNA==",
      "funding": [
        {
          "type": "individual",
          "url": "https://github.com/sponsors/RubenVerborgh"
        }
      ],
      "engines": {
        "node": ">=4.0"
      },
      "peerDependenciesMeta": {
        "debug": {
          "optional": true
        }
      }
    },
    "node_modules/hls.js": {
      "version": "1.1.1",
      "resolved": "https://registry.npmjs.org/hls.js/-/hls.js-1.1.1.tgz",
      "integrity": "sha512-2VEVzO/gr5LOD6K/DEmBkKEary6hr4YZ/SLb0PV81jOAM/Tl9DviL0sFMoUHDq05/j4OZxIj691Zo0p40u3Gtw=="
    }
  },
  "dependencies": {
    "@jsier/retrier": {
      "version": "1.2.4",
      "resolved": "https://registry.npmjs.org/@jsier/retrier/-/retrier-1.2.4.tgz",
      "integrity": "sha512-gDrUdzQ4O0XJGp0PJO2EH0YN84glgLIU6xrvsOsgV4xjShgz9Eq0b1ts54un13AYYryJutQTd3JKweglS4OjGg=="
    },
    "axios": {
      "version": "0.24.0",
      "resolved": "https://registry.npmjs.org/axios/-/axios-0.24.0.tgz",
      "integrity": "sha512-Q6cWsys88HoPgAaFAVUb0WpPk0O8iTeisR9IMqy9G8AbO4NlpVknrnQS03zzF9PGAWgO3cgletO3VjV/P7VztA==",
      "requires": {
        "follow-redirects": "^1.14.4"
      }
    },
    "follow-redirects": {
      "version": "1.14.5",
      "resolved": "https://registry.npmjs.org/follow-redirects/-/follow-redirects-1.14.5.tgz",
      "integrity": "sha512-wtphSXy7d4/OR+MvIFbCVBDzZ5520qV8XfPklSN5QtxuMUJZ+b0Wnst1e1lCDocfzuCkHqj8k0FpZqO+UIaKNA=="
    },
    "hls.js": {
      "version": "1.1.1",
      "resolved": "https://registry.npmjs.org/hls.js/-/hls.js-1.1.1.tgz",
      "integrity": "sha512-2VEVzO/gr5LOD6K/DEmBkKEary6hr4YZ/SLb0PV81jOAM/Tl9DviL0sFMoUHDq05/j4OZxIj691Zo0p40u3Gtw=="
    }
  }
}
