{
  "name": "assets",
  "lockfileVersion": 2,
  "requires": true,
  "packages": {
    "": {
      "dependencies": {
        "topbar": "^1.0.1"
      }
    },
    "node_modules/topbar": {
      "version": "1.0.1",
      "resolved": "https://registry.npmjs.org/topbar/-/topbar-1.0.1.tgz",
      "integrity": "sha512-HZqQSMBiG29vcjOrqKCM9iGY/h69G5gQH7ae83ZCPz5uPmbQKwK0sMEqzVDBiu64tWHJ+kk9NApECrF+FAAvRA=="
    }
  },
  "dependencies": {
    "topbar": {
      "version": "1.0.1",
      "resolved": "https://registry.npmjs.org/topbar/-/topbar-1.0.1.tgz",
      "integrity": "sha512-HZqQSMBiG29vcjOrqKCM9iGY/h69G5gQH7ae83ZCPz5uPmbQKwK0sMEqzVDBiu64tWHJ+kk9NApECrF+FAAvRA=="
    }
  }
}
